
Microsoft Visual Studio Solution File, Format Version 12.00
# Visual Studio 15
Project("{FAE04EC0-301F-11D3-BF4B-00C04F79EFBC}") = "Assembly-CSharp", "Assembly-CSharp.csproj", "{D8D65A3F-7299-15E7-E5F8-73E4EB38871D}"
EndProject
Project("{FAE04EC0-301F-11D3-BF4B-00C04F79EFBC}") = "Assembly-CSharp-Editor", "Assembly-CSharp-Editor.csproj", "{6868097E-344C-A4CF-CBD9-5CE8A25531D5}"
EndProject
Global
	GlobalSection(SolutionConfigurationPlatforms) = preSolution
		Debug|Any CPU = Debug|Any CPU
		Release|Any CPU = Release|Any CPU
	EndGlobalSection
	GlobalSection(ProjectConfigurationPlatforms) = postSolution
		{D8D65A3F-7299-15E7-E5F8-73E4EB38871D}.Debug|Any CPU.ActiveCfg = Debug|Any CPU
		{D8D65A3F-7299-15E7-E5F8-73E4EB38871D}.Debug|Any CPU.Build.0 = Debug|Any CPU
		{D8D65A3F-7299-15E7-E5F8-73E4EB38871D}.Release|Any CPU.ActiveCfg = Release|Any CPU
		{D8D65A3F-7299-15E7-E5F8-73E4EB38871D}.Release|Any CPU.Build.0 = Release|Any CPU
		{6868097E-344C-A4CF-CBD9-5CE8A25531D5}.Debug|Any CPU.ActiveCfg = Debug|Any CPU
		{6868097E-344C-A4CF-CBD9-5CE8A25531D5}.Debug|Any CPU.Build.0 = Debug|Any CPU
		{6868097E-344C-A4CF-CBD9-5CE8A25531D5}.Release|Any CPU.ActiveCfg = Release|Any CPU
		{6868097E-344C-A4CF-CBD9-5CE8A25531D5}.Release|Any CPU.Build.0 = Release|Any CPU
	EndGlobalSection
	GlobalSection(SolutionProperties) = preSolution
		HideSolutionNode = FALSE
	EndGlobalSection
EndGlobal
